
Microsoft Visual Studio Solution File, Format Version 12.00
# Visual Studio Version 17
VisualStudioVersion = 17.3.32804.467
MinimumVisualStudioVersion = 10.0.40219.1
Project("{FAE04EC0-301F-11D3-BF4B-00C04F79EFBC}") = "MyConsoleApp", "MyConsoleApp\MyConsoleApp.csproj", "{846E6916-0FD8-40A3-A4FA-F8482E818B4C}"
EndProject
Global
	GlobalSection(SolutionConfigurationPlatforms) = preSolution
		Debug|Any CPU = Debug|Any CPU
		Release|Any CPU = Release|Any CPU
	EndGlobalSection
	GlobalSection(ProjectConfigurationPlatforms) = postSolution
		{846E6916-0FD8-40A3-A4FA-F8482E818B4C}.Debug|Any CPU.ActiveCfg = Debug|Any CPU
		{846E6916-0FD8-40A3-A4FA-F8482E818B4C}.Debug|Any CPU.Build.0 = Debug|Any CPU
		{846E6916-0FD8-40A3-A4FA-F8482E818B4C}.Release|Any CPU.ActiveCfg = Release|Any CPU
		{846E6916-0FD8-40A3-A4FA-F8482E818B4C}.Release|Any CPU.Build.0 = Release|Any CPU
	EndGlobalSection
	GlobalSection(SolutionProperties) = preSolution
		HideSolutionNode = FALSE
	EndGlobalSection
	GlobalSection(ExtensibilityGlobals) = postSolution
		SolutionGuid = {907A5A21-CFAC-4A93-9FA2-1A3488F704C4}
	EndGlobalSection
EndGlobal
